{
  "version": "5",
  "redirects": {
    "https://esm.sh/@supabase/supabase-js@2": "https://esm.sh/@supabase/supabase-js@2.112.2"
  },
  "remote": {
    "https://esm.sh/@supabase/supabase-js@2.112.2": "ea8a8dc3bcfe3cd929a9f6f83a5c266ad3f9d8101c34f71d465dd73f7ff1b796"
  },
  "workspace": {
    "packageJson": {
      "dependencies": [
        "npm:@babel/core@^7.25.2",
        "npm:@callstack/liquid-glass@~0.7.1",
        "npm:@expo-google-fonts/instrument-serif@~0.4.1",
        "npm:@expo-google-fonts/inter-tight@~0.4.2",
        "npm:@expo-google-fonts/outfit@~0.4.3",
        "npm:@expo-google-fonts/plus-jakarta-sans@~0.4.2",
        "npm:@expo-google-fonts/poppins@~0.4.1",
        "npm:@expo-google-fonts/zilla-slab@~0.4.1",
        "npm:@expo/metro-runtime@~55.0.11",
        "npm:@expo/ngrok@^4.1.3",
        "npm:@react-native-async-storage/async-storage@2.2.0",
        "npm:@react-native-community/datetimepicker@8.6.0",
        "npm:@react-native-masked-view/masked-view@0.3.2",
        "npm:@supabase/supabase-js@^2.47.3",
        "npm:@types/react@19.0",
        "npm:@types/three@~0.183.1",
        "npm:babel-preset-expo@55.0",
        "npm:base64-arraybuffer@^1.0.2",
        "npm:expo-asset@~55.0.17",
        "npm:expo-blur@~55.0.14",
        "npm:expo-camera@~55.0.18",
        "npm:expo-constants@~55.0.16",
        "npm:expo-dev-client@~55.0.32",
        "npm:expo-device@~55.0.16",
        "npm:expo-document-picker@~55.0.13",
        "npm:expo-file-system@~55.0.19",
        "npm:expo-font@~55.0.7",
        "npm:expo-image-picker@~55.0.20",
        "npm:expo-linking@~55.0.15",
        "npm:expo-localization@~55.0.15",
        "npm:expo-location@~55.1.9",
        "npm:expo-modules-core@~55.0.25",
        "npm:expo-network@~55.0.13",
        "npm:expo-notifications@~55.0.22",
        "npm:expo-print@~55.0.14",
        "npm:expo-router@~55.0.14",
        "npm:expo-secure-store@~55.0.13",
        "npm:expo-sharing@~55.0.18",
        "npm:expo-splash-screen@~55.0.20",
        "npm:expo-status-bar@~55.0.6",
        "npm:expo@^55.0.23",
        "npm:fflate@~0.8.3",
        "npm:html2pdf.js@0.14",
        "npm:i18next@^26.3.1",
        "npm:jsqr@^1.4.0",
        "npm:lucide-react-native@^1.11.0",
        "npm:nativewind@^4.2.3",
        "npm:patch-package@^8.0.1",
        "npm:prettier-plugin-tailwindcss@0.8",
        "npm:puppeteer@^24.42.0",
        "npm:react-dom@19.2.0",
        "npm:react-i18next@^17.0.8",
        "npm:react-native-gesture-handler@2.30",
        "npm:react-native-qrcode-styled@0.4",
        "npm:react-native-qrcode-svg@^6.3.21",
        "npm:react-native-reanimated@4.2.1",
        "npm:react-native-safe-area-context@~5.6.2",
        "npm:react-native-screens@4.23",
        "npm:react-native-svg@15.15.3",
        "npm:react-native-url-polyfill@2",
        "npm:react-native-web@0.21",
        "npm:react-native-webview@13.16.0",
        "npm:react-native-worklets@0.7.4",
        "npm:react-native@0.83.6",
        "npm:react@19.2.0",
        "npm:tailwindcss@^3.4.19",
        "npm:three-mesh-bvh@~0.9.9",
        "npm:three@~0.183.2",
        "npm:typescript@^5.7.3",
        "npm:web-push@^3.6.7",
        "npm:zustand@^5.0.3"
      ],
      "overrides": {
        "@types/react": "~19.0.0",
        "@react-native/codegen": "0.83.6"
      }
    }
  }
}
